
Microsoft Visual Studio Solution File, Format Version 12.00
# Visual Studio Version 17
VisualStudioVersion = 17.12.35728.132 d17.12
MinimumVisualStudioVersion = 10.0.40219.1
Project("{FAE04EC0-301F-11D3-BF4B-00C04F79EFBC}") = "GoneGourmetProject", "GoneGourmetProject\GoneGourmetProject.csproj", "{F330900D-6D56-4D36-9B76-44AD7E2E4BEC}"
EndProject
Global
	GlobalSection(SolutionConfigurationPlatforms) = preSolution
		Debug|Any CPU = Debug|Any CPU
		Release|Any CPU = Release|Any CPU
	EndGlobalSection
	GlobalSection(ProjectConfigurationPlatforms) = postSolution
		{F330900D-6D56-4D36-9B76-44AD7E2E4BEC}.Debug|Any CPU.ActiveCfg = Debug|Any CPU
		{F330900D-6D56-4D36-9B76-44AD7E2E4BEC}.Debug|Any CPU.Build.0 = Debug|Any CPU
		{F330900D-6D56-4D36-9B76-44AD7E2E4BEC}.Release|Any CPU.ActiveCfg = Release|Any CPU
		{F330900D-6D56-4D36-9B76-44AD7E2E4BEC}.Release|Any CPU.Build.0 = Release|Any CPU
	EndGlobalSection
	GlobalSection(SolutionProperties) = preSolution
		HideSolutionNode = FALSE
	EndGlobalSection
EndGlobal
